
Microsoft Visual Studio Solution File, Format Version 12.00
# Visual Studio Version 17
VisualStudioVersion = 17.3.32929.385
MinimumVisualStudioVersion = 10.0.40219.1
Project("{FAE04EC0-301F-11D3-BF4B-00C04F79EFBC}") = "AT11T5", "AT11T5\AT11T5.csproj", "{633EE0D4-0440-4ADE-A1B6-AA281E569A79}"
EndProject
Global
	GlobalSection(SolutionConfigurationPlatforms) = preSolution
		Debug|Any CPU = Debug|Any CPU
		Release|Any CPU = Release|Any CPU
	EndGlobalSection
	GlobalSection(ProjectConfigurationPlatforms) = postSolution
		{633EE0D4-0440-4ADE-A1B6-AA281E569A79}.Debug|Any CPU.ActiveCfg = Debug|Any CPU
		{633EE0D4-0440-4ADE-A1B6-AA281E569A79}.Debug|Any CPU.Build.0 = Debug|Any CPU
		{633EE0D4-0440-4ADE-A1B6-AA281E569A79}.Release|Any CPU.ActiveCfg = Release|Any CPU
		{633EE0D4-0440-4ADE-A1B6-AA281E569A79}.Release|Any CPU.Build.0 = Release|Any CPU
	EndGlobalSection
	GlobalSection(SolutionProperties) = preSolution
		HideSolutionNode = FALSE
	EndGlobalSection
	GlobalSection(ExtensibilityGlobals) = postSolution
		SolutionGuid = {90297180-B3DA-4C25-A4C7-C9BE6DAF1775}
	EndGlobalSection
EndGlobal
